{
  "R": {
    "Version": "3.6.2",
    "Repositories": [
      {
        "Name": "CRAN",
        "URL": "https://cran.mtu.edu"
      },
      {
        "Name": "",
        "URL": "https://cran.mtu.edu"
      },
      {
        "Name": "BioCsoft",
        "URL": "https://bioconductor.org/packages/3.8/bioc"
      },
      {
        "Name": "BioCann",
        "URL": "https://bioconductor.org/packages/3.8/data/annotation"
      },
      {
        "Name": "BioCexp",
        "URL": "https://bioconductor.org/packages/3.8/data/experiment"
      },
      {
        "Name": "BioCworkflows",
        "URL": "https://bioconductor.org/packages/3.8/workflows"
      },
      {
        "Name": "CRAN",
        "URL": "https://cran.mtu.edu"
      }
    ]
  },
  "Packages": {
    "renv": {
      "Package": "renv",
      "Version": "0.9.3",
      "Source": "Repository",
      "Repository": "CRAN",
      "Hash": "c1a367437d8a8a44bec4b9d4974cb20c"
    }
  }
}
